
Microsoft Visual Studio Solution File, Format Version 12.00
# Visual Studio 15
VisualStudioVersion = 15.0.28010.2019
MinimumVisualStudioVersion = 10.0.40219.1
Project("{2150E333-8FDC-42A3-9474-1A3956D46DE8}") = "04.Repositorys", "04.Repositorys", "{C10C9854-B9F5-4C95-AA9B-388DF00AC6B1}"
EndProject
Project("{2150E333-8FDC-42A3-9474-1A3956D46DE8}") = "00.Framework", "00.Framework", "{994B9ACC-E308-4A58-8341-768D4B2DF4D2}"
EndProject
Project("{2150E333-8FDC-42A3-9474-1A3956D46DE8}") = "01.Webs", "01.Webs", "{CEFCDF76-2748-4BFE-A300-19851F884B18}"
EndProject
Project("{2150E333-8FDC-42A3-9474-1A3956D46DE8}") = "02.Contracts", "02.Contracts", "{705E0EB6-9ECA-4495-9030-27BFC256EA10}"
EndProject
Project("{2150E333-8FDC-42A3-9474-1A3956D46DE8}") = "03.Services", "03.Services", "{40598557-9F49-4502-BB88-AB485A5949DD}"
EndProject
Project("{2150E333-8FDC-42A3-9474-1A3956D46DE8}") = "05.Models", "05.Models", "{E0F57E01-5C67-4307-A342-CA854494BAAE}"
EndProject
Project("{FAE04EC0-301F-11D3-BF4B-00C04F79EFBC}") = "Sy.Core", "00.Framework\CMS.WMS.Core\Sy.Core.csproj", "{C2B17A07-AEFD-46BD-9DA8-8EEF88D02243}"
EndProject
Project("{FAE04EC0-301F-11D3-BF4B-00C04F79EFBC}") = "Sy.Util", "00.Framework\CMS.WMS.Util\Sy.Util.csproj", "{E8F4853C-FBAF-48EF-BF3D-93F660C9F7D0}"
EndProject
Project("{FAE04EC0-301F-11D3-BF4B-00C04F79EFBC}") = "Sy.Base", "00.Framework\Sy.Base\Sy.Base.csproj", "{21DCE382-85B6-4EA8-9146-D7F019F22543}"
EndProject
Project("{FAE04EC0-301F-11D3-BF4B-00C04F79EFBC}") = "Sy.WebApi", "01.Webs\Sy.WebApi\Sy.WebApi.csproj", "{D4273700-DBB6-4537-A64F-EAFB0D178851}"
EndProject
Project("{FAE04EC0-301F-11D3-BF4B-00C04F79EFBC}") = "Sy.Module.Contract.Customs", "02.Contracts\Sy.Contract.Module.Customs\Sy.Module.Contract.Customs.csproj", "{810C798C-9CD6-4680-9579-2C3F17043560}"
EndProject
Project("{FAE04EC0-301F-11D3-BF4B-00C04F79EFBC}") = "Sy.Module.Service.Customs", "03.Services\Sy.Service.Module.Customs\Sy.Module.Service.Customs.csproj", "{BB1046CA-301C-4D98-A403-522F531B157D}"
EndProject
Project("{FAE04EC0-301F-11D3-BF4B-00C04F79EFBC}") = "Sy.AdoNetRepositorys", "04.Repositorys\CMS.WMS.AdoNetRepositorys\Sy.AdoNetRepositorys.csproj", "{CD197B19-AAAA-41B4-9A30-EDA77999AE54}"
EndProject
Project("{FAE04EC0-301F-11D3-BF4B-00C04F79EFBC}") = "Sy.EFRepositorys", "04.Repositorys\CMS.WMS.Repositorys\Sy.EFRepositorys.csproj", "{7ABEA87B-E180-4D4A-9BCB-2A2D079785FF}"
EndProject
Project("{FAE04EC0-301F-11D3-BF4B-00C04F79EFBC}") = "Sy.Module.Model.Customs", "05.Models\CMS.WMS.Model.Entities\Sy.Module.Model.Customs.csproj", "{EA81A504-A574-469D-B5B7-3E3474C40343}"
EndProject
Global
	GlobalSection(SolutionConfigurationPlatforms) = preSolution
		Debug|Any CPU = Debug|Any CPU
		Release|Any CPU = Release|Any CPU
	EndGlobalSection
	GlobalSection(ProjectConfigurationPlatforms) = postSolution
		{C2B17A07-AEFD-46BD-9DA8-8EEF88D02243}.Debug|Any CPU.ActiveCfg = Debug|Any CPU
		{C2B17A07-AEFD-46BD-9DA8-8EEF88D02243}.Debug|Any CPU.Build.0 = Debug|Any CPU
		{C2B17A07-AEFD-46BD-9DA8-8EEF88D02243}.Release|Any CPU.ActiveCfg = Release|Any CPU
		{C2B17A07-AEFD-46BD-9DA8-8EEF88D02243}.Release|Any CPU.Build.0 = Release|Any CPU
		{E8F4853C-FBAF-48EF-BF3D-93F660C9F7D0}.Debug|Any CPU.ActiveCfg = Debug|Any CPU
		{E8F4853C-FBAF-48EF-BF3D-93F660C9F7D0}.Debug|Any CPU.Build.0 = Debug|Any CPU
		{E8F4853C-FBAF-48EF-BF3D-93F660C9F7D0}.Release|Any CPU.ActiveCfg = Release|Any CPU
		{E8F4853C-FBAF-48EF-BF3D-93F660C9F7D0}.Release|Any CPU.Build.0 = Release|Any CPU
		{21DCE382-85B6-4EA8-9146-D7F019F22543}.Debug|Any CPU.ActiveCfg = Debug|Any CPU
		{21DCE382-85B6-4EA8-9146-D7F019F22543}.Debug|Any CPU.Build.0 = Debug|Any CPU
		{21DCE382-85B6-4EA8-9146-D7F019F22543}.Release|Any CPU.ActiveCfg = Release|Any CPU
		{21DCE382-85B6-4EA8-9146-D7F019F22543}.Release|Any CPU.Build.0 = Release|Any CPU
		{D4273700-DBB6-4537-A64F-EAFB0D178851}.Debug|Any CPU.ActiveCfg = Debug|Any CPU
		{D4273700-DBB6-4537-A64F-EAFB0D178851}.Debug|Any CPU.Build.0 = Debug|Any CPU
		{D4273700-DBB6-4537-A64F-EAFB0D178851}.Release|Any CPU.ActiveCfg = Release|Any CPU
		{D4273700-DBB6-4537-A64F-EAFB0D178851}.Release|Any CPU.Build.0 = Release|Any CPU
		{810C798C-9CD6-4680-9579-2C3F17043560}.Debug|Any CPU.ActiveCfg = Debug|Any CPU
		{810C798C-9CD6-4680-9579-2C3F17043560}.Debug|Any CPU.Build.0 = Debug|Any CPU
		{810C798C-9CD6-4680-9579-2C3F17043560}.Release|Any CPU.ActiveCfg = Release|Any CPU
		{810C798C-9CD6-4680-9579-2C3F17043560}.Release|Any CPU.Build.0 = Release|Any CPU
		{BB1046CA-301C-4D98-A403-522F531B157D}.Debug|Any CPU.ActiveCfg = Debug|Any CPU
		{BB1046CA-301C-4D98-A403-522F531B157D}.Debug|Any CPU.Build.0 = Debug|Any CPU
		{BB1046CA-301C-4D98-A403-522F531B157D}.Release|Any CPU.ActiveCfg = Release|Any CPU
		{BB1046CA-301C-4D98-A403-522F531B157D}.Release|Any CPU.Build.0 = Release|Any CPU
		{CD197B19-AAAA-41B4-9A30-EDA77999AE54}.Debug|Any CPU.ActiveCfg = Debug|Any CPU
		{CD197B19-AAAA-41B4-9A30-EDA77999AE54}.Debug|Any CPU.Build.0 = Debug|Any CPU
		{CD197B19-AAAA-41B4-9A30-EDA77999AE54}.Release|Any CPU.ActiveCfg = Release|Any CPU
		{CD197B19-AAAA-41B4-9A30-EDA77999AE54}.Release|Any CPU.Build.0 = Release|Any CPU
		{7ABEA87B-E180-4D4A-9BCB-2A2D079785FF}.Debug|Any CPU.ActiveCfg = Debug|Any CPU
		{7ABEA87B-E180-4D4A-9BCB-2A2D079785FF}.Debug|Any CPU.Build.0 = Debug|Any CPU
		{7ABEA87B-E180-4D4A-9BCB-2A2D079785FF}.Release|Any CPU.ActiveCfg = Release|Any CPU
		{7ABEA87B-E180-4D4A-9BCB-2A2D079785FF}.Release|Any CPU.Build.0 = Release|Any CPU
		{EA81A504-A574-469D-B5B7-3E3474C40343}.Debug|Any CPU.ActiveCfg = Debug|Any CPU
		{EA81A504-A574-469D-B5B7-3E3474C40343}.Debug|Any CPU.Build.0 = Debug|Any CPU
		{EA81A504-A574-469D-B5B7-3E3474C40343}.Release|Any CPU.ActiveCfg = Release|Any CPU
		{EA81A504-A574-469D-B5B7-3E3474C40343}.Release|Any CPU.Build.0 = Release|Any CPU
	EndGlobalSection
	GlobalSection(SolutionProperties) = preSolution
		HideSolutionNode = FALSE
	EndGlobalSection
	GlobalSection(NestedProjects) = preSolution
		{C2B17A07-AEFD-46BD-9DA8-8EEF88D02243} = {994B9ACC-E308-4A58-8341-768D4B2DF4D2}
		{E8F4853C-FBAF-48EF-BF3D-93F660C9F7D0} = {994B9ACC-E308-4A58-8341-768D4B2DF4D2}
		{21DCE382-85B6-4EA8-9146-D7F019F22543} = {994B9ACC-E308-4A58-8341-768D4B2DF4D2}
		{D4273700-DBB6-4537-A64F-EAFB0D178851} = {CEFCDF76-2748-4BFE-A300-19851F884B18}
		{810C798C-9CD6-4680-9579-2C3F17043560} = {705E0EB6-9ECA-4495-9030-27BFC256EA10}
		{BB1046CA-301C-4D98-A403-522F531B157D} = {40598557-9F49-4502-BB88-AB485A5949DD}
		{CD197B19-AAAA-41B4-9A30-EDA77999AE54} = {C10C9854-B9F5-4C95-AA9B-388DF00AC6B1}
		{7ABEA87B-E180-4D4A-9BCB-2A2D079785FF} = {C10C9854-B9F5-4C95-AA9B-388DF00AC6B1}
		{EA81A504-A574-469D-B5B7-3E3474C40343} = {E0F57E01-5C67-4307-A342-CA854494BAAE}
	EndGlobalSection
	GlobalSection(ExtensibilityGlobals) = postSolution
		SolutionGuid = {AB4B9707-7FAF-4BF4-B03A-4E6EBDF56A1C}
	EndGlobalSection
EndGlobal
